
Microsoft Visual Studio Solution File, Format Version 12.00
# Visual Studio Version 17
VisualStudioVersion = 17.14.37614.0
MinimumVisualStudioVersion = 10.0.40219.1
Project("{2150E333-8FDC-42A3-9474-1A3956D46DE8}") = "Task0", "Task0", "{02EA681E-C7D8-13C7-8484-4AC65E1B71E8}"
EndProject
Project("{2150E333-8FDC-42A3-9474-1A3956D46DE8}") = "Task1", "Task1", "{7708A8CE-45C0-493F-86A3-B54FC61B322F}"
EndProject
Project("{2150E333-8FDC-42A3-9474-1A3956D46DE8}") = "Task2", "Task2", "{F1B9B543-5A4A-429A-8319-F0A7616B1538}"
EndProject
Project("{FAE04EC0-301F-11D3-BF4B-00C04F79EFBC}") = "Tyuiu.SibgatullinaAV.Sprint0.Task2.V0.Lib", "Tyuiu.SibgatullinaAV.Sprint0.Task2.V0.Lib\Tyuiu.SibgatullinaAV.Sprint0.Task2.V0.Lib.csproj", "{BE74493D-E4B0-4826-9D9C-9818DBE149A4}"
EndProject
Project("{FAE04EC0-301F-11D3-BF4B-00C04F79EFBC}") = "Tyuiu.SibgatullinaAV.Sprint0.Task2.V0.Test", "Tyuiu.SibgatullinaAV.Sprint0.Task2.V0.Test\Tyuiu.SibgatullinaAV.Sprint0.Task2.V0.Test.csproj", "{C442CF4E-1DE0-411C-80CA-D34F83EA08F1}"
EndProject
Project("{2150E333-8FDC-42A3-9474-1A3956D46DE8}") = "Task3", "Task3", "{1E1A50CE-E24A-4F80-BED2-94EDDA3001BC}"
EndProject
Project("{FAE04EC0-301F-11D3-BF4B-00C04F79EFBC}") = "Tyuiu.SibgatullinaAV.Sprint0.Task3.V0.Lib", "Tyuiu.SibgatullinaAV.Sprint0.Task3.V0.Lib\Tyuiu.SibgatullinaAV.Sprint0.Task3.V0.Lib.csproj", "{09806D21-6451-4A42-B990-C1E03CBB783D}"
EndProject
Project("{FAE04EC0-301F-11D3-BF4B-00C04F79EFBC}") = "Tyuiu.SibgatullinaAV.Sprint0.Task3.V0.Test", "Tyuiu.SibgatullinaAV.Sprint0.Task3.V0.Test\Tyuiu.SibgatullinaAV.Sprint0.Task3.V0.Test.csproj", "{39AC6484-6252-4E5A-AB07-5E3E4781DA15}"
EndProject
Project("{2150E333-8FDC-42A3-9474-1A3956D46DE8}") = "Task4", "Task4", "{2472588A-ACA0-4CB1-825D-57897A3BAD3B}"
EndProject
Project("{FAE04EC0-301F-11D3-BF4B-00C04F79EFBC}") = "Tyuiu.SibgatullinaAV.Sprint0.Task4.V0.Lib", "Tyuiu.SibgatullinaAV.Sprint0.Task4.V0.Lib\Tyuiu.SibgatullinaAV.Sprint0.Task4.V0.Lib.csproj", "{283871BB-BDCC-4AA4-A0D5-A567DD32AD2B}"
EndProject
Project("{FAE04EC0-301F-11D3-BF4B-00C04F79EFBC}") = "Tyuiu.SibgatullinaAV.Sprint0.Task4.V0.Test", "Tyuiu.SibgatullinaAV.Sprint0.Task4.V0.Test\Tyuiu.SibgatullinaAV.Sprint0.Task4.V0.Test.csproj", "{8852329E-2121-4B4D-9DC8-E6D9AF0572EE}"
EndProject
Project("{2150E333-8FDC-42A3-9474-1A3956D46DE8}") = "Task5", "Task5", "{926B923C-21F1-446E-9152-E51D20DE4CE9}"
EndProject
Project("{FAE04EC0-301F-11D3-BF4B-00C04F79EFBC}") = "Tyuiu.SibgatullinaAV.Sprint0.Task5.V0.Lib", "Tyuiu.SibgatullinaAV.Sprint0.Task5.V0.Lib\Tyuiu.SibgatullinaAV.Sprint0.Task5.V0.Lib.csproj", "{BBE0FCE3-9241-4D8D-931E-D1C0951EBFC3}"
EndProject
Project("{FAE04EC0-301F-11D3-BF4B-00C04F79EFBC}") = "Tyuiu.SibgatullinaAV.Sprint0.Task5.V0.Test", "Tyuiu.SibgatullinaAV.Sprint0.Task5.V0.Test\Tyuiu.SibgatullinaAV.Sprint0.Task5.V0.Test.csproj", "{C83D89DC-41C6-4FA0-A4BD-EF2699CA1765}"
EndProject
Project("{FAE04EC0-301F-11D3-BF4B-00C04F79EFBC}") = "Tyuiu.SibgatullinaAV.Sprint0.Task0.V0", "Tyuiu.SibgatullinaAV.Sprint0.Task0\Tyuiu.SibgatullinaAV.Sprint0.Task0.V0.csproj", "{F2EC469E-4A37-416B-8DB9-3F7B932D01A4}"
EndProject
Project("{FAE04EC0-301F-11D3-BF4B-00C04F79EFBC}") = "Tyuiu.SIbgatullinaAV.Sprint0.Task1.V0", "Tyuiu.SIbgatullinaAV.Sprint0.Task1\Tyuiu.SIbgatullinaAV.Sprint0.Task1.V0.csproj", "{C68E0A83-E801-42CF-B122-92666D2FBC64}"
EndProject
Project("{FAE04EC0-301F-11D3-BF4B-00C04F79EFBC}") = "Tyuiu.SibgatullinaAV.Sprint0.Task2.V0", "ConsoleApp1\Tyuiu.SibgatullinaAV.Sprint0.Task2.V0.csproj", "{E7800084-BCEB-49F5-984C-60E4E9B5EDA9}"
EndProject
Project("{FAE04EC0-301F-11D3-BF4B-00C04F79EFBC}") = "Tyuiu.SibgatullinaAV.Sprint0.Task3.V0", "Tyuiu.SibgatullinaAV.Sprint0.Task3\Tyuiu.SibgatullinaAV.Sprint0.Task3.V0.csproj", "{E2AC35B5-F40C-4CAB-8A28-A6A11B0E3834}"
EndProject
Project("{FAE04EC0-301F-11D3-BF4B-00C04F79EFBC}") = "Tyuiu.SibgatullinaAV.Sprint0.Task4.V0", "Tyuiu.SibgatullinaAV.Sprint0.Task4\Tyuiu.SibgatullinaAV.Sprint0.Task4.V0.csproj", "{31A5A233-C827-4DD8-A63D-268F11520E5B}"
EndProject
Project("{FAE04EC0-301F-11D3-BF4B-00C04F79EFBC}") = "Tyuiu.SibgatullinaAV.Sprint0.Task5.V0", "Tyuiu.SibgatullinaAV.Sprint0.Task5\Tyuiu.SibgatullinaAV.Sprint0.Task5.V0.csproj", "{436385BE-4339-435A-B801-B871DFAF73D6}"
EndProject
Project("{2150E333-8FDC-42A3-9474-1A3956D46DE8}") = "Task6", "Task6", "{E3E45162-36B6-4B6C-BEEC-B5D63E265C61}"
EndProject
Project("{FAE04EC0-301F-11D3-BF4B-00C04F79EFBC}") = "Tyuiu.SibgatullinaAV.Sprint0.Task6.V0", "Tyuiu.SibgatullinaAV.Sprint0.Task6.V0\Tyuiu.SibgatullinaAV.Sprint0.Task6.V0.csproj", "{32D75842-FE14-4C6F-B780-92B74E6C77C2}"
EndProject
Project("{FAE04EC0-301F-11D3-BF4B-00C04F79EFBC}") = "Tyuiu.SibgatullinaAV.Sprint0.Task6.V0.Test", "Tyuiu.SibgatullinaAV.Sprint0.Task6.V0.Test\Tyuiu.SibgatullinaAV.Sprint0.Task6.V0.Test.csproj", "{3775CD89-A43B-471F-873F-F56F8A934CA2}"
EndProject
Project("{FAE04EC0-301F-11D3-BF4B-00C04F79EFBC}") = "Tyuiu.SibgatullinaAV.Sprint0.Task6.V0.Lib", "Tyuiu.SibgatullinaAV.Sprint0.Task6.V0.Lib\Tyuiu.SibgatullinaAV.Sprint0.Task6.V0.Lib.csproj", "{B08BA247-49DC-4CAD-A0EA-0B49EA6CBC75}"
EndProject
Global
	GlobalSection(SolutionConfigurationPlatforms) = preSolution
		Debug|Any CPU = Debug|Any CPU
		Release|Any CPU = Release|Any CPU
	EndGlobalSection
	GlobalSection(ProjectConfigurationPlatforms) = postSolution
		{BE74493D-E4B0-4826-9D9C-9818DBE149A4}.Debug|Any CPU.ActiveCfg = Debug|Any CPU
		{BE74493D-E4B0-4826-9D9C-9818DBE149A4}.Debug|Any CPU.Build.0 = Debug|Any CPU
		{BE74493D-E4B0-4826-9D9C-9818DBE149A4}.Release|Any CPU.ActiveCfg = Release|Any CPU
		{BE74493D-E4B0-4826-9D9C-9818DBE149A4}.Release|Any CPU.Build.0 = Release|Any CPU
		{C442CF4E-1DE0-411C-80CA-D34F83EA08F1}.Debug|Any CPU.ActiveCfg = Debug|Any CPU
		{C442CF4E-1DE0-411C-80CA-D34F83EA08F1}.Debug|Any CPU.Build.0 = Debug|Any CPU
		{C442CF4E-1DE0-411C-80CA-D34F83EA08F1}.Release|Any CPU.ActiveCfg = Release|Any CPU
		{C442CF4E-1DE0-411C-80CA-D34F83EA08F1}.Release|Any CPU.Build.0 = Release|Any CPU
		{09806D21-6451-4A42-B990-C1E03CBB783D}.Debug|Any CPU.ActiveCfg = Debug|Any CPU
		{09806D21-6451-4A42-B990-C1E03CBB783D}.Debug|Any CPU.Build.0 = Debug|Any CPU
		{09806D21-6451-4A42-B990-C1E03CBB783D}.Release|Any CPU.ActiveCfg = Release|Any CPU
		{09806D21-6451-4A42-B990-C1E03CBB783D}.Release|Any CPU.Build.0 = Release|Any CPU
		{39AC6484-6252-4E5A-AB07-5E3E4781DA15}.Debug|Any CPU.ActiveCfg = Debug|Any CPU
		{39AC6484-6252-4E5A-AB07-5E3E4781DA15}.Debug|Any CPU.Build.0 = Debug|Any CPU
		{39AC6484-6252-4E5A-AB07-5E3E4781DA15}.Release|Any CPU.ActiveCfg = Release|Any CPU
		{39AC6484-6252-4E5A-AB07-5E3E4781DA15}.Release|Any CPU.Build.0 = Release|Any CPU
		{283871BB-BDCC-4AA4-A0D5-A567DD32AD2B}.Debug|Any CPU.ActiveCfg = Debug|Any CPU
		{283871BB-BDCC-4AA4-A0D5-A567DD32AD2B}.Debug|Any CPU.Build.0 = Debug|Any CPU
		{283871BB-BDCC-4AA4-A0D5-A567DD32AD2B}.Release|Any CPU.ActiveCfg = Release|Any CPU
		{283871BB-BDCC-4AA4-A0D5-A567DD32AD2B}.Release|Any CPU.Build.0 = Release|Any CPU
		{8852329E-2121-4B4D-9DC8-E6D9AF0572EE}.Debug|Any CPU.ActiveCfg = Debug|Any CPU
		{8852329E-2121-4B4D-9DC8-E6D9AF0572EE}.Debug|Any CPU.Build.0 = Debug|Any CPU
		{8852329E-2121-4B4D-9DC8-E6D9AF0572EE}.Release|Any CPU.ActiveCfg = Release|Any CPU
		{8852329E-2121-4B4D-9DC8-E6D9AF0572EE}.Release|Any CPU.Build.0 = Release|Any CPU
		{BBE0FCE3-9241-4D8D-931E-D1C0951EBFC3}.Debug|Any CPU.ActiveCfg = Debug|Any CPU
		{BBE0FCE3-9241-4D8D-931E-D1C0951EBFC3}.Debug|Any CPU.Build.0 = Debug|Any CPU
		{BBE0FCE3-9241-4D8D-931E-D1C0951EBFC3}.Release|Any CPU.ActiveCfg = Release|Any CPU
		{BBE0FCE3-9241-4D8D-931E-D1C0951EBFC3}.Release|Any CPU.Build.0 = Release|Any CPU
		{C83D89DC-41C6-4FA0-A4BD-EF2699CA1765}.Debug|Any CPU.ActiveCfg = Debug|Any CPU
		{C83D89DC-41C6-4FA0-A4BD-EF2699CA1765}.Debug|Any CPU.Build.0 = Debug|Any CPU
		{C83D89DC-41C6-4FA0-A4BD-EF2699CA1765}.Release|Any CPU.ActiveCfg = Release|Any CPU
		{C83D89DC-41C6-4FA0-A4BD-EF2699CA1765}.Release|Any CPU.Build.0 = Release|Any CPU
		{F2EC469E-4A37-416B-8DB9-3F7B932D01A4}.Debug|Any CPU.ActiveCfg = Debug|Any CPU
		{F2EC469E-4A37-416B-8DB9-3F7B932D01A4}.Debug|Any CPU.Build.0 = Debug|Any CPU
		{F2EC469E-4A37-416B-8DB9-3F7B932D01A4}.Release|Any CPU.ActiveCfg = Release|Any CPU
		{F2EC469E-4A37-416B-8DB9-3F7B932D01A4}.Release|Any CPU.Build.0 = Release|Any CPU
		{C68E0A83-E801-42CF-B122-92666D2FBC64}.Debug|Any CPU.ActiveCfg = Debug|Any CPU
		{C68E0A83-E801-42CF-B122-92666D2FBC64}.Debug|Any CPU.Build.0 = Debug|Any CPU
		{C68E0A83-E801-42CF-B122-92666D2FBC64}.Release|Any CPU.ActiveCfg = Release|Any CPU
		{C68E0A83-E801-42CF-B122-92666D2FBC64}.Release|Any CPU.Build.0 = Release|Any CPU
		{E7800084-BCEB-49F5-984C-60E4E9B5EDA9}.Debug|Any CPU.ActiveCfg = Debug|Any CPU
		{E7800084-BCEB-49F5-984C-60E4E9B5EDA9}.Debug|Any CPU.Build.0 = Debug|Any CPU
		{E7800084-BCEB-49F5-984C-60E4E9B5EDA9}.Release|Any CPU.ActiveCfg = Release|Any CPU
		{E7800084-BCEB-49F5-984C-60E4E9B5EDA9}.Release|Any CPU.Build.0 = Release|Any CPU
		{E2AC35B5-F40C-4CAB-8A28-A6A11B0E3834}.Debug|Any CPU.ActiveCfg = Debug|Any CPU
		{E2AC35B5-F40C-4CAB-8A28-A6A11B0E3834}.Debug|Any CPU.Build.0 = Debug|Any CPU
		{E2AC35B5-F40C-4CAB-8A28-A6A11B0E3834}.Release|Any CPU.ActiveCfg = Release|Any CPU
		{E2AC35B5-F40C-4CAB-8A28-A6A11B0E3834}.Release|Any CPU.Build.0 = Release|Any CPU
		{31A5A233-C827-4DD8-A63D-268F11520E5B}.Debug|Any CPU.ActiveCfg = Debug|Any CPU
		{31A5A233-C827-4DD8-A63D-268F11520E5B}.Debug|Any CPU.Build.0 = Debug|Any CPU
		{31A5A233-C827-4DD8-A63D-268F11520E5B}.Release|Any CPU.ActiveCfg = Release|Any CPU
		{31A5A233-C827-4DD8-A63D-268F11520E5B}.Release|Any CPU.Build.0 = Release|Any CPU
		{436385BE-4339-435A-B801-B871DFAF73D6}.Debug|Any CPU.ActiveCfg = Debug|Any CPU
		{436385BE-4339-435A-B801-B871DFAF73D6}.Debug|Any CPU.Build.0 = Debug|Any CPU
		{436385BE-4339-435A-B801-B871DFAF73D6}.Release|Any CPU.ActiveCfg = Release|Any CPU
		{436385BE-4339-435A-B801-B871DFAF73D6}.Release|Any CPU.Build.0 = Release|Any CPU
		{32D75842-FE14-4C6F-B780-92B74E6C77C2}.Debug|Any CPU.ActiveCfg = Debug|Any CPU
		{32D75842-FE14-4C6F-B780-92B74E6C77C2}.Debug|Any CPU.Build.0 = Debug|Any CPU
		{32D75842-FE14-4C6F-B780-92B74E6C77C2}.Release|Any CPU.ActiveCfg = Release|Any CPU
		{32D75842-FE14-4C6F-B780-92B74E6C77C2}.Release|Any CPU.Build.0 = Release|Any CPU
		{3775CD89-A43B-471F-873F-F56F8A934CA2}.Debug|Any CPU.ActiveCfg = Debug|Any CPU
		{3775CD89-A43B-471F-873F-F56F8A934CA2}.Debug|Any CPU.Build.0 = Debug|Any CPU
		{3775CD89-A43B-471F-873F-F56F8A934CA2}.Release|Any CPU.ActiveCfg = Release|Any CPU
		{3775CD89-A43B-471F-873F-F56F8A934CA2}.Release|Any CPU.Build.0 = Release|Any CPU
		{B08BA247-49DC-4CAD-A0EA-0B49EA6CBC75}.Debug|Any CPU.ActiveCfg = Debug|Any CPU
		{B08BA247-49DC-4CAD-A0EA-0B49EA6CBC75}.Debug|Any CPU.Build.0 = Debug|Any CPU
		{B08BA247-49DC-4CAD-A0EA-0B49EA6CBC75}.Release|Any CPU.ActiveCfg = Release|Any CPU
		{B08BA247-49DC-4CAD-A0EA-0B49EA6CBC75}.Release|Any CPU.Build.0 = Release|Any CPU
	EndGlobalSection
	GlobalSection(SolutionProperties) = preSolution
		HideSolutionNode = FALSE
	EndGlobalSection
	GlobalSection(NestedProjects) = preSolution
		{BE74493D-E4B0-4826-9D9C-9818DBE149A4} = {F1B9B543-5A4A-429A-8319-F0A7616B1538}
		{C442CF4E-1DE0-411C-80CA-D34F83EA08F1} = {F1B9B543-5A4A-429A-8319-F0A7616B1538}
		{09806D21-6451-4A42-B990-C1E03CBB783D} = {1E1A50CE-E24A-4F80-BED2-94EDDA3001BC}
		{39AC6484-6252-4E5A-AB07-5E3E4781DA15} = {1E1A50CE-E24A-4F80-BED2-94EDDA3001BC}
		{283871BB-BDCC-4AA4-A0D5-A567DD32AD2B} = {2472588A-ACA0-4CB1-825D-57897A3BAD3B}
		{8852329E-2121-4B4D-9DC8-E6D9AF0572EE} = {2472588A-ACA0-4CB1-825D-57897A3BAD3B}
		{BBE0FCE3-9241-4D8D-931E-D1C0951EBFC3} = {926B923C-21F1-446E-9152-E51D20DE4CE9}
		{C83D89DC-41C6-4FA0-A4BD-EF2699CA1765} = {926B923C-21F1-446E-9152-E51D20DE4CE9}
		{F2EC469E-4A37-416B-8DB9-3F7B932D01A4} = {02EA681E-C7D8-13C7-8484-4AC65E1B71E8}
		{C68E0A83-E801-42CF-B122-92666D2FBC64} = {7708A8CE-45C0-493F-86A3-B54FC61B322F}
		{E7800084-BCEB-49F5-984C-60E4E9B5EDA9} = {F1B9B543-5A4A-429A-8319-F0A7616B1538}
		{E2AC35B5-F40C-4CAB-8A28-A6A11B0E3834} = {1E1A50CE-E24A-4F80-BED2-94EDDA3001BC}
		{31A5A233-C827-4DD8-A63D-268F11520E5B} = {2472588A-ACA0-4CB1-825D-57897A3BAD3B}
		{436385BE-4339-435A-B801-B871DFAF73D6} = {926B923C-21F1-446E-9152-E51D20DE4CE9}
		{32D75842-FE14-4C6F-B780-92B74E6C77C2} = {E3E45162-36B6-4B6C-BEEC-B5D63E265C61}
		{3775CD89-A43B-471F-873F-F56F8A934CA2} = {E3E45162-36B6-4B6C-BEEC-B5D63E265C61}
		{B08BA247-49DC-4CAD-A0EA-0B49EA6CBC75} = {E3E45162-36B6-4B6C-BEEC-B5D63E265C61}
	EndGlobalSection
	GlobalSection(ExtensibilityGlobals) = postSolution
		SolutionGuid = {29228FBA-3031-4113-857A-BE098782DE46}
	EndGlobalSection
EndGlobal
