
Microsoft Visual Studio Solution File, Format Version 12.00
# Visual Studio Version 17
VisualStudioVersion = 17.14.37614.0
MinimumVisualStudioVersion = 10.0.40219.1
Project("{2150E333-8FDC-42A3-9474-1A3956D46DE8}") = "Task0", "Task0", "{02EA681E-C7D8-13C7-8484-4AC65E1B71E8}"
EndProject
Project("{FAE04EC0-301F-11D3-BF4B-00C04F79EFBC}") = "Tyuiu.SibgatullinaAV.Sprint0.Task0.V0", "Tyuiu.SibgatullinaAV.Sprint0.Task0.V0\Tyuiu.SibgatullinaAV.Sprint0.Task0.V0.csproj", "{142E9935-F0FA-4D0A-9404-A3928BA54C3D}"
EndProject
Project("{2150E333-8FDC-42A3-9474-1A3956D46DE8}") = "Task1", "Task1", "{7708A8CE-45C0-493F-86A3-B54FC61B322F}"
EndProject
Project("{FAE04EC0-301F-11D3-BF4B-00C04F79EFBC}") = "Tyuiu.SibgatullinaAV.Sprint0.Task1.V0", "Tyuiu.SibgatullinaAV.Sprint0.Task1.V0\Tyuiu.SibgatullinaAV.Sprint0.Task1.V0.csproj", "{B94BE4A7-7500-427E-90F4-F4C5E38E9FFF}"
EndProject
Project("{2150E333-8FDC-42A3-9474-1A3956D46DE8}") = "Task2", "Task2", "{F1B9B543-5A4A-429A-8319-F0A7616B1538}"
EndProject
Project("{FAE04EC0-301F-11D3-BF4B-00C04F79EFBC}") = "Tyuiu.SibgatullinaAV.Sprint0.Task2.V0", "Tyuiu.SibgatullinaAV.Sprint0.Task2\Tyuiu.SibgatullinaAV.Sprint0.Task2.V0.csproj", "{904A6ECE-E1A0-4F65-A84E-83EB05947014}"
EndProject
Project("{FAE04EC0-301F-11D3-BF4B-00C04F79EFBC}") = "Tyuiu.SibgatullinaAV.Sprint0.Task2.V0.Lib", "Tyuiu.SibgatullinaAV.Sprint0.Task2.V0.Lib\Tyuiu.SibgatullinaAV.Sprint0.Task2.V0.Lib.csproj", "{BE74493D-E4B0-4826-9D9C-9818DBE149A4}"
EndProject
Project("{FAE04EC0-301F-11D3-BF4B-00C04F79EFBC}") = "Tyuiu.SibgatullinaAV.Sprint0.Task2.V0.Test", "Tyuiu.SibgatullinaAV.Sprint0.Task2.V0.Test\Tyuiu.SibgatullinaAV.Sprint0.Task2.V0.Test.csproj", "{C442CF4E-1DE0-411C-80CA-D34F83EA08F1}"
EndProject
Project("{2150E333-8FDC-42A3-9474-1A3956D46DE8}") = "Task3", "Task3", "{1E1A50CE-E24A-4F80-BED2-94EDDA3001BC}"
EndProject
Project("{FAE04EC0-301F-11D3-BF4B-00C04F79EFBC}") = "Tyuiu.SibgatullinaAV.Sprint0.Task3.V0", "Tyuiu.SibgatullinaAV.Sprint0.Task3.V0\Tyuiu.SibgatullinaAV.Sprint0.Task3.V0.csproj", "{4AF6EC2B-58C8-4070-B1B9-382314909A05}"
EndProject
Project("{FAE04EC0-301F-11D3-BF4B-00C04F79EFBC}") = "Tyuiu.SibgatullinaAV.Sprint0.Task3.V0.Lib", "Tyuiu.SibgatullinaAV.Sprint0.Task3.V0.Lib\Tyuiu.SibgatullinaAV.Sprint0.Task3.V0.Lib.csproj", "{09806D21-6451-4A42-B990-C1E03CBB783D}"
EndProject
Project("{FAE04EC0-301F-11D3-BF4B-00C04F79EFBC}") = "Tyuiu.SibgatullinaAV.Sprint0.Task3.V0.Test", "Tyuiu.SibgatullinaAV.Sprint0.Task3.V0.Test\Tyuiu.SibgatullinaAV.Sprint0.Task3.V0.Test.csproj", "{39AC6484-6252-4E5A-AB07-5E3E4781DA15}"
EndProject
Project("{2150E333-8FDC-42A3-9474-1A3956D46DE8}") = "Task4", "Task4", "{2472588A-ACA0-4CB1-825D-57897A3BAD3B}"
EndProject
Project("{FAE04EC0-301F-11D3-BF4B-00C04F79EFBC}") = "Tyuiu.SibgatullinaAV.Sprint0.Task4.V0", "Tyuiu.SibgatullinaAV.Sprint0.Task4.V0\Tyuiu.SibgatullinaAV.Sprint0.Task4.V0.csproj", "{A7C54608-6DBD-4EFB-86FE-0369FFBDF96B}"
EndProject
Project("{FAE04EC0-301F-11D3-BF4B-00C04F79EFBC}") = "Tyuiu.SibgatullinaAV.Sprint0.Task4.V0.Lib", "Tyuiu.SibgatullinaAV.Sprint0.Task4.V0.Lib\Tyuiu.SibgatullinaAV.Sprint0.Task4.V0.Lib.csproj", "{283871BB-BDCC-4AA4-A0D5-A567DD32AD2B}"
EndProject
Project("{FAE04EC0-301F-11D3-BF4B-00C04F79EFBC}") = "Tyuiu.SibgatullinaAV.Sprint0.Task4.V0.Test", "Tyuiu.SibgatullinaAV.Sprint0.Task4.V0.Test\Tyuiu.SibgatullinaAV.Sprint0.Task4.V0.Test.csproj", "{8852329E-2121-4B4D-9DC8-E6D9AF0572EE}"
EndProject
Global
	GlobalSection(SolutionConfigurationPlatforms) = preSolution
		Debug|Any CPU = Debug|Any CPU
		Release|Any CPU = Release|Any CPU
	EndGlobalSection
	GlobalSection(ProjectConfigurationPlatforms) = postSolution
		{142E9935-F0FA-4D0A-9404-A3928BA54C3D}.Debug|Any CPU.ActiveCfg = Debug|Any CPU
		{142E9935-F0FA-4D0A-9404-A3928BA54C3D}.Debug|Any CPU.Build.0 = Debug|Any CPU
		{142E9935-F0FA-4D0A-9404-A3928BA54C3D}.Release|Any CPU.ActiveCfg = Release|Any CPU
		{142E9935-F0FA-4D0A-9404-A3928BA54C3D}.Release|Any CPU.Build.0 = Release|Any CPU
		{B94BE4A7-7500-427E-90F4-F4C5E38E9FFF}.Debug|Any CPU.ActiveCfg = Debug|Any CPU
		{B94BE4A7-7500-427E-90F4-F4C5E38E9FFF}.Debug|Any CPU.Build.0 = Debug|Any CPU
		{B94BE4A7-7500-427E-90F4-F4C5E38E9FFF}.Release|Any CPU.ActiveCfg = Release|Any CPU
		{B94BE4A7-7500-427E-90F4-F4C5E38E9FFF}.Release|Any CPU.Build.0 = Release|Any CPU
		{904A6ECE-E1A0-4F65-A84E-83EB05947014}.Debug|Any CPU.ActiveCfg = Debug|Any CPU
		{904A6ECE-E1A0-4F65-A84E-83EB05947014}.Debug|Any CPU.Build.0 = Debug|Any CPU
		{904A6ECE-E1A0-4F65-A84E-83EB05947014}.Release|Any CPU.ActiveCfg = Release|Any CPU
		{904A6ECE-E1A0-4F65-A84E-83EB05947014}.Release|Any CPU.Build.0 = Release|Any CPU
		{BE74493D-E4B0-4826-9D9C-9818DBE149A4}.Debug|Any CPU.ActiveCfg = Debug|Any CPU
		{BE74493D-E4B0-4826-9D9C-9818DBE149A4}.Debug|Any CPU.Build.0 = Debug|Any CPU
		{BE74493D-E4B0-4826-9D9C-9818DBE149A4}.Release|Any CPU.ActiveCfg = Release|Any CPU
		{BE74493D-E4B0-4826-9D9C-9818DBE149A4}.Release|Any CPU.Build.0 = Release|Any CPU
		{C442CF4E-1DE0-411C-80CA-D34F83EA08F1}.Debug|Any CPU.ActiveCfg = Debug|Any CPU
		{C442CF4E-1DE0-411C-80CA-D34F83EA08F1}.Debug|Any CPU.Build.0 = Debug|Any CPU
		{C442CF4E-1DE0-411C-80CA-D34F83EA08F1}.Release|Any CPU.ActiveCfg = Release|Any CPU
		{C442CF4E-1DE0-411C-80CA-D34F83EA08F1}.Release|Any CPU.Build.0 = Release|Any CPU
		{4AF6EC2B-58C8-4070-B1B9-382314909A05}.Debug|Any CPU.ActiveCfg = Debug|Any CPU
		{4AF6EC2B-58C8-4070-B1B9-382314909A05}.Debug|Any CPU.Build.0 = Debug|Any CPU
		{4AF6EC2B-58C8-4070-B1B9-382314909A05}.Release|Any CPU.ActiveCfg = Release|Any CPU
		{4AF6EC2B-58C8-4070-B1B9-382314909A05}.Release|Any CPU.Build.0 = Release|Any CPU
		{09806D21-6451-4A42-B990-C1E03CBB783D}.Debug|Any CPU.ActiveCfg = Debug|Any CPU
		{09806D21-6451-4A42-B990-C1E03CBB783D}.Debug|Any CPU.Build.0 = Debug|Any CPU
		{09806D21-6451-4A42-B990-C1E03CBB783D}.Release|Any CPU.ActiveCfg = Release|Any CPU
		{09806D21-6451-4A42-B990-C1E03CBB783D}.Release|Any CPU.Build.0 = Release|Any CPU
		{39AC6484-6252-4E5A-AB07-5E3E4781DA15}.Debug|Any CPU.ActiveCfg = Debug|Any CPU
		{39AC6484-6252-4E5A-AB07-5E3E4781DA15}.Debug|Any CPU.Build.0 = Debug|Any CPU
		{39AC6484-6252-4E5A-AB07-5E3E4781DA15}.Release|Any CPU.ActiveCfg = Release|Any CPU
		{39AC6484-6252-4E5A-AB07-5E3E4781DA15}.Release|Any CPU.Build.0 = Release|Any CPU
		{A7C54608-6DBD-4EFB-86FE-0369FFBDF96B}.Debug|Any CPU.ActiveCfg = Debug|Any CPU
		{A7C54608-6DBD-4EFB-86FE-0369FFBDF96B}.Debug|Any CPU.Build.0 = Debug|Any CPU
		{A7C54608-6DBD-4EFB-86FE-0369FFBDF96B}.Release|Any CPU.ActiveCfg = Release|Any CPU
		{A7C54608-6DBD-4EFB-86FE-0369FFBDF96B}.Release|Any CPU.Build.0 = Release|Any CPU
		{283871BB-BDCC-4AA4-A0D5-A567DD32AD2B}.Debug|Any CPU.ActiveCfg = Debug|Any CPU
		{283871BB-BDCC-4AA4-A0D5-A567DD32AD2B}.Debug|Any CPU.Build.0 = Debug|Any CPU
		{283871BB-BDCC-4AA4-A0D5-A567DD32AD2B}.Release|Any CPU.ActiveCfg = Release|Any CPU
		{283871BB-BDCC-4AA4-A0D5-A567DD32AD2B}.Release|Any CPU.Build.0 = Release|Any CPU
		{8852329E-2121-4B4D-9DC8-E6D9AF0572EE}.Debug|Any CPU.ActiveCfg = Debug|Any CPU
		{8852329E-2121-4B4D-9DC8-E6D9AF0572EE}.Debug|Any CPU.Build.0 = Debug|Any CPU
		{8852329E-2121-4B4D-9DC8-E6D9AF0572EE}.Release|Any CPU.ActiveCfg = Release|Any CPU
		{8852329E-2121-4B4D-9DC8-E6D9AF0572EE}.Release|Any CPU.Build.0 = Release|Any CPU
	EndGlobalSection
	GlobalSection(SolutionProperties) = preSolution
		HideSolutionNode = FALSE
	EndGlobalSection
	GlobalSection(NestedProjects) = preSolution
		{142E9935-F0FA-4D0A-9404-A3928BA54C3D} = {02EA681E-C7D8-13C7-8484-4AC65E1B71E8}
		{B94BE4A7-7500-427E-90F4-F4C5E38E9FFF} = {7708A8CE-45C0-493F-86A3-B54FC61B322F}
		{904A6ECE-E1A0-4F65-A84E-83EB05947014} = {F1B9B543-5A4A-429A-8319-F0A7616B1538}
		{BE74493D-E4B0-4826-9D9C-9818DBE149A4} = {F1B9B543-5A4A-429A-8319-F0A7616B1538}
		{C442CF4E-1DE0-411C-80CA-D34F83EA08F1} = {F1B9B543-5A4A-429A-8319-F0A7616B1538}
		{4AF6EC2B-58C8-4070-B1B9-382314909A05} = {1E1A50CE-E24A-4F80-BED2-94EDDA3001BC}
		{09806D21-6451-4A42-B990-C1E03CBB783D} = {1E1A50CE-E24A-4F80-BED2-94EDDA3001BC}
		{39AC6484-6252-4E5A-AB07-5E3E4781DA15} = {1E1A50CE-E24A-4F80-BED2-94EDDA3001BC}
		{A7C54608-6DBD-4EFB-86FE-0369FFBDF96B} = {2472588A-ACA0-4CB1-825D-57897A3BAD3B}
		{283871BB-BDCC-4AA4-A0D5-A567DD32AD2B} = {2472588A-ACA0-4CB1-825D-57897A3BAD3B}
		{8852329E-2121-4B4D-9DC8-E6D9AF0572EE} = {2472588A-ACA0-4CB1-825D-57897A3BAD3B}
	EndGlobalSection
	GlobalSection(ExtensibilityGlobals) = postSolution
		SolutionGuid = {29228FBA-3031-4113-857A-BE098782DE46}
	EndGlobalSection
EndGlobal
